
Microsoft Visual Studio Solution File, Format Version 12.00
# Visual Studio Version 16
VisualStudioVersion = 16.0.29215.179
MinimumVisualStudioVersion = 10.0.40219.1
Project("{FAE04EC0-301F-11D3-BF4B-00C04F79EFBC}") = "icCoffee", "icCoffee.csproj", "{FED2F44C-D307-473E-B241-492C29DB682D}"
EndProject
Global
	GlobalSection(SolutionConfigurationPlatforms) = preSolution
		Debug|Any CPU = Debug|Any CPU
		Release|Any CPU = Release|Any CPU
	EndGlobalSection
	GlobalSection(ProjectConfigurationPlatforms) = postSolution
		{FED2F44C-D307-473E-B241-492C29DB682D}.Debug|Any CPU.ActiveCfg = Debug|Any CPU
		{FED2F44C-D307-473E-B241-492C29DB682D}.Debug|Any CPU.Build.0 = Debug|Any CPU
		{FED2F44C-D307-473E-B241-492C29DB682D}.Release|Any CPU.ActiveCfg = Release|Any CPU
		{FED2F44C-D307-473E-B241-492C29DB682D}.Release|Any CPU.Build.0 = Release|Any CPU
	EndGlobalSection
	GlobalSection(SolutionProperties) = preSolution
		HideSolutionNode = FALSE
	EndGlobalSection
	GlobalSection(ExtensibilityGlobals) = postSolution
		SolutionGuid = {EF6C36F0-3671-4F03-A3A4-C8089A0786E3}
	EndGlobalSection
EndGlobal
